
Microsoft Visual Studio Solution File, Format Version 12.00
# Visual Studio Version 17
VisualStudioVersion = 17.10.35027.167
MinimumVisualStudioVersion = 10.0.40219.1
Project("{FAE04EC0-301F-11D3-BF4B-00C04F79EFBC}") = "ApiCatalogo", "ApiCatalogo\ApiCatalogo.csproj", "{A19A7D1B-5761-4401-B2FD-A14AC9184600}"
EndProject
Global
	GlobalSection(SolutionConfigurationPlatforms) = preSolution
		Debug|Any CPU = Debug|Any CPU
		Release|Any CPU = Release|Any CPU
	EndGlobalSection
	GlobalSection(ProjectConfigurationPlatforms) = postSolution
		{A19A7D1B-5761-4401-B2FD-A14AC9184600}.Debug|Any CPU.ActiveCfg = Debug|Any CPU
		{A19A7D1B-5761-4401-B2FD-A14AC9184600}.Debug|Any CPU.Build.0 = Debug|Any CPU
		{A19A7D1B-5761-4401-B2FD-A14AC9184600}.Release|Any CPU.ActiveCfg = Release|Any CPU
		{A19A7D1B-5761-4401-B2FD-A14AC9184600}.Release|Any CPU.Build.0 = Release|Any CPU
	EndGlobalSection
	GlobalSection(SolutionProperties) = preSolution
		HideSolutionNode = FALSE
	EndGlobalSection
	GlobalSection(ExtensibilityGlobals) = postSolution
		SolutionGuid = {64F4E784-0664-4017-9570-6040A2CDE951}
	EndGlobalSection
EndGlobal
